
Microsoft Visual Studio Solution File, Format Version 12.00
# Visual Studio 2013
VisualStudioVersion = 12.0.31101.0
MinimumVisualStudioVersion = 10.0.40219.1
Project("{FAE04EC0-301F-11D3-BF4B-00C04F79EFBC}") = "EMS.Business", "EMS.Business\EMS.Business.csproj", "{5146D0D1-7D4B-4454-BD6C-51D570C60D1B}"
	ProjectSection(ProjectDependencies) = postProject
		{64BAAE1C-84B9-4AF9-89CB-D871A8E1719D} = {64BAAE1C-84B9-4AF9-89CB-D871A8E1719D}
		{D7D59649-98CE-48E4-BCEC-8415CD2C832C} = {D7D59649-98CE-48E4-BCEC-8415CD2C832C}
		{65821CBE-9BAE-45CE-81B7-D296A444D5EE} = {65821CBE-9BAE-45CE-81B7-D296A444D5EE}
		{B8B2DAC2-C1ED-4114-8DB8-93C234E8C7B8} = {B8B2DAC2-C1ED-4114-8DB8-93C234E8C7B8}
	EndProjectSection
EndProject
Project("{FAE04EC0-301F-11D3-BF4B-00C04F79EFBC}") = "EMS.Data", "EMS.Data\EMS.Data.csproj", "{D7D59649-98CE-48E4-BCEC-8415CD2C832C}"
	ProjectSection(ProjectDependencies) = postProject
		{64BAAE1C-84B9-4AF9-89CB-D871A8E1719D} = {64BAAE1C-84B9-4AF9-89CB-D871A8E1719D}
		{B8B2DAC2-C1ED-4114-8DB8-93C234E8C7B8} = {B8B2DAC2-C1ED-4114-8DB8-93C234E8C7B8}
	EndProjectSection
EndProject
Project("{FAE04EC0-301F-11D3-BF4B-00C04F79EFBC}") = "EMS.Entities", "EMS.Entities\EMS.Entities.csproj", "{B8B2DAC2-C1ED-4114-8DB8-93C234E8C7B8}"
EndProject
Project("{FAE04EC0-301F-11D3-BF4B-00C04F79EFBC}") = "EMS.Services.Interfaces", "EMS.Services.Interfaces\EMS.Services.Interfaces.csproj", "{65821CBE-9BAE-45CE-81B7-D296A444D5EE}"
	ProjectSection(ProjectDependencies) = postProject
		{B8B2DAC2-C1ED-4114-8DB8-93C234E8C7B8} = {B8B2DAC2-C1ED-4114-8DB8-93C234E8C7B8}
	EndProjectSection
EndProject
Project("{FAE04EC0-301F-11D3-BF4B-00C04F79EFBC}") = "EMS.Services", "EMS.Services\EMS.Services.csproj", "{9026E3E7-514E-4C3B-B902-9D38FE87506F}"
	ProjectSection(ProjectDependencies) = postProject
		{D7D59649-98CE-48E4-BCEC-8415CD2C832C} = {D7D59649-98CE-48E4-BCEC-8415CD2C832C}
		{65821CBE-9BAE-45CE-81B7-D296A444D5EE} = {65821CBE-9BAE-45CE-81B7-D296A444D5EE}
		{5146D0D1-7D4B-4454-BD6C-51D570C60D1B} = {5146D0D1-7D4B-4454-BD6C-51D570C60D1B}
	EndProjectSection
EndProject
Project("{FAE04EC0-301F-11D3-BF4B-00C04F79EFBC}") = "EMS.Common", "EMS.Common\EMS.Common.csproj", "{64BAAE1C-84B9-4AF9-89CB-D871A8E1719D}"
	ProjectSection(ProjectDependencies) = postProject
		{B8B2DAC2-C1ED-4114-8DB8-93C234E8C7B8} = {B8B2DAC2-C1ED-4114-8DB8-93C234E8C7B8}
	EndProjectSection
EndProject
Project("{FAE04EC0-301F-11D3-BF4B-00C04F79EFBC}") = "EMS.Web", "EMS.Web\EMS.Web.csproj", "{B9D43409-E8CC-4EAF-A7D2-3FD81F818393}"
EndProject
Global
	GlobalSection(SolutionConfigurationPlatforms) = preSolution
		Debug|Any CPU = Debug|Any CPU
		Release|Any CPU = Release|Any CPU
	EndGlobalSection
	GlobalSection(ProjectConfigurationPlatforms) = postSolution
		{5146D0D1-7D4B-4454-BD6C-51D570C60D1B}.Debug|Any CPU.ActiveCfg = Debug|Any CPU
		{5146D0D1-7D4B-4454-BD6C-51D570C60D1B}.Debug|Any CPU.Build.0 = Debug|Any CPU
		{5146D0D1-7D4B-4454-BD6C-51D570C60D1B}.Release|Any CPU.ActiveCfg = Release|Any CPU
		{5146D0D1-7D4B-4454-BD6C-51D570C60D1B}.Release|Any CPU.Build.0 = Release|Any CPU
		{D7D59649-98CE-48E4-BCEC-8415CD2C832C}.Debug|Any CPU.ActiveCfg = Debug|Any CPU
		{D7D59649-98CE-48E4-BCEC-8415CD2C832C}.Debug|Any CPU.Build.0 = Debug|Any CPU
		{D7D59649-98CE-48E4-BCEC-8415CD2C832C}.Release|Any CPU.ActiveCfg = Release|Any CPU
		{D7D59649-98CE-48E4-BCEC-8415CD2C832C}.Release|Any CPU.Build.0 = Release|Any CPU
		{B8B2DAC2-C1ED-4114-8DB8-93C234E8C7B8}.Debug|Any CPU.ActiveCfg = Debug|Any CPU
		{B8B2DAC2-C1ED-4114-8DB8-93C234E8C7B8}.Debug|Any CPU.Build.0 = Debug|Any CPU
		{B8B2DAC2-C1ED-4114-8DB8-93C234E8C7B8}.Release|Any CPU.ActiveCfg = Release|Any CPU
		{B8B2DAC2-C1ED-4114-8DB8-93C234E8C7B8}.Release|Any CPU.Build.0 = Release|Any CPU
		{65821CBE-9BAE-45CE-81B7-D296A444D5EE}.Debug|Any CPU.ActiveCfg = Debug|Any CPU
		{65821CBE-9BAE-45CE-81B7-D296A444D5EE}.Debug|Any CPU.Build.0 = Debug|Any CPU
		{65821CBE-9BAE-45CE-81B7-D296A444D5EE}.Release|Any CPU.ActiveCfg = Release|Any CPU
		{65821CBE-9BAE-45CE-81B7-D296A444D5EE}.Release|Any CPU.Build.0 = Release|Any CPU
		{9026E3E7-514E-4C3B-B902-9D38FE87506F}.Debug|Any CPU.ActiveCfg = Debug|Any CPU
		{9026E3E7-514E-4C3B-B902-9D38FE87506F}.Debug|Any CPU.Build.0 = Debug|Any CPU
		{9026E3E7-514E-4C3B-B902-9D38FE87506F}.Release|Any CPU.ActiveCfg = Release|Any CPU
		{9026E3E7-514E-4C3B-B902-9D38FE87506F}.Release|Any CPU.Build.0 = Release|Any CPU
		{64BAAE1C-84B9-4AF9-89CB-D871A8E1719D}.Debug|Any CPU.ActiveCfg = Debug|Any CPU
		{64BAAE1C-84B9-4AF9-89CB-D871A8E1719D}.Debug|Any CPU.Build.0 = Debug|Any CPU
		{64BAAE1C-84B9-4AF9-89CB-D871A8E1719D}.Release|Any CPU.ActiveCfg = Release|Any CPU
		{64BAAE1C-84B9-4AF9-89CB-D871A8E1719D}.Release|Any CPU.Build.0 = Release|Any CPU
		{B9D43409-E8CC-4EAF-A7D2-3FD81F818393}.Debug|Any CPU.ActiveCfg = Debug|Any CPU
		{B9D43409-E8CC-4EAF-A7D2-3FD81F818393}.Debug|Any CPU.Build.0 = Debug|Any CPU
		{B9D43409-E8CC-4EAF-A7D2-3FD81F818393}.Release|Any CPU.ActiveCfg = Release|Any CPU
		{B9D43409-E8CC-4EAF-A7D2-3FD81F818393}.Release|Any CPU.Build.0 = Release|Any CPU
	EndGlobalSection
	GlobalSection(SolutionProperties) = preSolution
		HideSolutionNode = FALSE
	EndGlobalSection
EndGlobal
